
Microsoft Visual Studio Solution File, Format Version 12.00
# Visual Studio Version 17
VisualStudioVersion = 17.3.32922.545
MinimumVisualStudioVersion = 10.0.40219.1
Project("{FAE04EC0-301F-11D3-BF4B-00C04F79EFBC}") = "Lab 10.1", "Lab 10.1\Lab 10.1.csproj", "{942A6004-96C8-4D7A-8002-440EB81EC1B3}"
EndProject
Global
	GlobalSection(SolutionConfigurationPlatforms) = preSolution
		Debug|Any CPU = Debug|Any CPU
		Release|Any CPU = Release|Any CPU
	EndGlobalSection
	GlobalSection(ProjectConfigurationPlatforms) = postSolution
		{942A6004-96C8-4D7A-8002-440EB81EC1B3}.Debug|Any CPU.ActiveCfg = Debug|Any CPU
		{942A6004-96C8-4D7A-8002-440EB81EC1B3}.Debug|Any CPU.Build.0 = Debug|Any CPU
		{942A6004-96C8-4D7A-8002-440EB81EC1B3}.Release|Any CPU.ActiveCfg = Release|Any CPU
		{942A6004-96C8-4D7A-8002-440EB81EC1B3}.Release|Any CPU.Build.0 = Release|Any CPU
	EndGlobalSection
	GlobalSection(SolutionProperties) = preSolution
		HideSolutionNode = FALSE
	EndGlobalSection
	GlobalSection(ExtensibilityGlobals) = postSolution
		SolutionGuid = {DE468102-8BB3-4367-BDF6-349F62BFDD01}
	EndGlobalSection
EndGlobal
