
Microsoft Visual Studio Solution File, Format Version 12.00
# Visual Studio Version 17
VisualStudioVersion = 17.3.32922.545
MinimumVisualStudioVersion = 10.0.40219.1
Project("{FAE04EC0-301F-11D3-BF4B-00C04F79EFBC}") = "Lab 9.2", "Lab 9.2\Lab 9.2.csproj", "{F2AA93D0-58A8-45CC-9789-39413086E1CE}"
EndProject
Global
	GlobalSection(SolutionConfigurationPlatforms) = preSolution
		Debug|Any CPU = Debug|Any CPU
		Release|Any CPU = Release|Any CPU
	EndGlobalSection
	GlobalSection(ProjectConfigurationPlatforms) = postSolution
		{F2AA93D0-58A8-45CC-9789-39413086E1CE}.Debug|Any CPU.ActiveCfg = Debug|Any CPU
		{F2AA93D0-58A8-45CC-9789-39413086E1CE}.Debug|Any CPU.Build.0 = Debug|Any CPU
		{F2AA93D0-58A8-45CC-9789-39413086E1CE}.Release|Any CPU.ActiveCfg = Release|Any CPU
		{F2AA93D0-58A8-45CC-9789-39413086E1CE}.Release|Any CPU.Build.0 = Release|Any CPU
	EndGlobalSection
	GlobalSection(SolutionProperties) = preSolution
		HideSolutionNode = FALSE
	EndGlobalSection
	GlobalSection(ExtensibilityGlobals) = postSolution
		SolutionGuid = {7A3E6DA4-F566-4F67-8BF9-609E05F2E260}
	EndGlobalSection
EndGlobal
